
Microsoft Visual Studio Solution File, Format Version 12.00
# Visual Studio 15
VisualStudioVersion = 15.0.28010.0
MinimumVisualStudioVersion = 10.0.40219.1
Project("{FAE04EC0-301F-11D3-BF4B-00C04F79EFBC}") = "TaxiSluzba", "TaxiSluzba\TaxiSluzba.csproj", "{80A882B4-AC6A-4052-97C6-9836FC69CBD1}"
EndProject
Global
	GlobalSection(SolutionConfigurationPlatforms) = preSolution
		Debug|Any CPU = Debug|Any CPU
		Release|Any CPU = Release|Any CPU
	EndGlobalSection
	GlobalSection(ProjectConfigurationPlatforms) = postSolution
		{80A882B4-AC6A-4052-97C6-9836FC69CBD1}.Debug|Any CPU.ActiveCfg = Debug|Any CPU
		{80A882B4-AC6A-4052-97C6-9836FC69CBD1}.Debug|Any CPU.Build.0 = Debug|Any CPU
		{80A882B4-AC6A-4052-97C6-9836FC69CBD1}.Release|Any CPU.ActiveCfg = Release|Any CPU
		{80A882B4-AC6A-4052-97C6-9836FC69CBD1}.Release|Any CPU.Build.0 = Release|Any CPU
	EndGlobalSection
	GlobalSection(SolutionProperties) = preSolution
		HideSolutionNode = FALSE
	EndGlobalSection
	GlobalSection(ExtensibilityGlobals) = postSolution
		SolutionGuid = {6AD2D62D-310B-4B91-9E3C-900EDE0183B0}
	EndGlobalSection
EndGlobal
